
Microsoft Visual Studio Solution File, Format Version 12.00
# Visual Studio 2015
Project("{FAE04EC0-301F-11D3-BF4B-00C04F79EFBC}") = "Brick Breaker", "Brick Breaker.csproj", "{7C7C2135-7C2A-A80F-7E9B-B6FFEDBFB23E}"
EndProject
Global
	GlobalSection(SolutionConfigurationPlatforms) = preSolution
		Debug|Any CPU = Debug|Any CPU
		Release|Any CPU = Release|Any CPU
	EndGlobalSection
	GlobalSection(ProjectConfigurationPlatforms) = postSolution
		{7C7C2135-7C2A-A80F-7E9B-B6FFEDBFB23E}.Debug|Any CPU.ActiveCfg = Debug|Any CPU
		{7C7C2135-7C2A-A80F-7E9B-B6FFEDBFB23E}.Debug|Any CPU.Build.0 = Debug|Any CPU
		{7C7C2135-7C2A-A80F-7E9B-B6FFEDBFB23E}.Release|Any CPU.ActiveCfg = Release|Any CPU
		{7C7C2135-7C2A-A80F-7E9B-B6FFEDBFB23E}.Release|Any CPU.Build.0 = Release|Any CPU
	EndGlobalSection
	GlobalSection(SolutionProperties) = preSolution
		HideSolutionNode = FALSE
	EndGlobalSection
EndGlobal
